// !$*UTF8*$!
{
	archiveVersion = 1;
	classes = {
	};
	objectVersion = 56;
	objects = {

/* Begin PBXBuildFile section */
		04B9DB3929B9E88A00D0B157 /* TDD_exampleApp.swift in Sources */ = {isa = PBXBuildFile; fileRef = 04B9DB3829B9E88A00D0B157 /* TDD_exampleApp.swift */; };
		04B9DB3B29B9E88A00D0B157 /* ContentView.swift in Sources */ = {isa = PBXBuildFile; fileRef = 04B9DB3A29B9E88A00D0B157 /* ContentView.swift */; };
		04B9DB3D29B9E88C00D0B157 /* Assets.xcassets in Resources */ = {isa = PBXBuildFile; fileRef = 04B9DB3C29B9E88C00D0B157 /* Assets.xcassets */; };
		04B9DB4029B9E88C00D0B157 /* Preview Assets.xcassets in Resources */ = {isa = PBXBuildFile; fileRef = 04B9DB3F29B9E88C00D0B157 /* Preview Assets.xcassets */; };
		04B9DB4A29B9E88D00D0B157 /* TDD_UnitTests.swift in Sources */ = {isa = PBXBuildFile; fileRef = 04B9DB4929B9E88D00D0B157 /* TDD_UnitTests.swift */; };
		04B9DB5429B9E88D00D0B157 /* TDD_exampleUITests.swift in Sources */ = {isa = PBXBuildFile; fileRef = 04B9DB5329B9E88D00D0B157 /* TDD_exampleUITests.swift */; };
		04B9DB5629B9E88D00D0B157 /* TDD_exampleUITestsLaunchTests.swift in Sources */ = {isa = PBXBuildFile; fileRef = 04B9DB5529B9E88D00D0B157 /* TDD_exampleUITestsLaunchTests.swift */; };
		04B9DB6329B9EC1E00D0B157 /* TipCalculator.swift in Sources */ = {isa = PBXBuildFile; fileRef = 04B9DB6229B9EC1E00D0B157 /* TipCalculator.swift */; };
		04B9DB6429B9EF9D00D0B157 /* TipCalculator.swift in Sources */ = {isa = PBXBuildFile; fileRef = 04B9DB6229B9EC1E00D0B157 /* TipCalculator.swift */; };
		04B9DB6729B9FB0D00D0B157 /* ContentViewPage.swift in Sources */ = {isa = PBXBuildFile; fileRef = 04B9DB6629B9FB0D00D0B157 /* ContentViewPage.swift */; };
/* End PBXBuildFile section */

/* Begin PBXContainerItemProxy section */
		04B9DB4629B9E88D00D0B157 /* PBXContainerItemProxy */ = {
			isa = PBXContainerItemProxy;
			containerPortal = 04B9DB2D29B9E88900D0B157 /* Project object */;
			proxyType = 1;
			remoteGlobalIDString = 04B9DB3429B9E88A00D0B157;
			remoteInfo = "TDD-example";
		};
		04B9DB5029B9E88D00D0B157 /* PBXContainerItemProxy */ = {
			isa = PBXContainerItemProxy;
			containerPortal = 04B9DB2D29B9E88900D0B157 /* Project object */;
			proxyType = 1;
			remoteGlobalIDString = 04B9DB3429B9E88A00D0B157;
			remoteInfo = "TDD-example";
		};
/* End PBXContainerItemProxy section */

/* Begin PBXFileReference section */
		04B9DB3529B9E88A00D0B157 /* TDD-example.app */ = {isa = PBXFileReference; explicitFileType = wrapper.application; includeInIndex = 0; path = "TDD-example.app"; sourceTree = BUILT_PRODUCTS_DIR; };
		04B9DB3829B9E88A00D0B157 /* TDD_exampleApp.swift */ = {isa = PBXFileReference; lastKnownFileType = sourcecode.swift; path = TDD_exampleApp.swift; sourceTree = "<group>"; };
		04B9DB3A29B9E88A00D0B157 /* ContentView.swift */ = {isa = PBXFileReference; lastKnownFileType = sourcecode.swift; path = ContentView.swift; sourceTree = "<group>"; };
		04B9DB3C29B9E88C00D0B157 /* Assets.xcassets */ = {isa = PBXFileReference; lastKnownFileType = folder.assetcatalog; path = Assets.xcassets; sourceTree = "<group>"; };
		04B9DB3F29B9E88C00D0B157 /* Preview Assets.xcassets */ = {isa = PBXFileReference; lastKnownFileType = folder.assetcatalog; path = "Preview Assets.xcassets"; sourceTree = "<group>"; };
		04B9DB4529B9E88D00D0B157 /* TDD-exampleTests.xctest */ = {isa = PBXFileReference; explicitFileType = wrapper.cfbundle; includeInIndex = 0; path = "TDD-exampleTests.xctest"; sourceTree = BUILT_PRODUCTS_DIR; };
		04B9DB4929B9E88D00D0B157 /* TDD_UnitTests.swift */ = {isa = PBXFileReference; lastKnownFileType = sourcecode.swift; path = TDD_UnitTests.swift; sourceTree = "<group>"; };
		04B9DB4F29B9E88D00D0B157 /* TDD-exampleUITests.xctest */ = {isa = PBXFileReference; explicitFileType = wrapper.cfbundle; includeInIndex = 0; path = "TDD-exampleUITests.xctest"; sourceTree = BUILT_PRODUCTS_DIR; };
		04B9DB5329B9E88D00D0B157 /* TDD_exampleUITests.swift */ = {isa = PBXFileReference; lastKnownFileType = sourcecode.swift; path = TDD_exampleUITests.swift; sourceTree = "<group>"; };
		04B9DB5529B9E88D00D0B157 /* TDD_exampleUITestsLaunchTests.swift */ = {isa = PBXFileReference; lastKnownFileType = sourcecode.swift; path = TDD_exampleUITestsLaunchTests.swift; sourceTree = "<group>"; };
		04B9DB6229B9EC1E00D0B157 /* TipCalculator.swift */ = {isa = PBXFileReference; lastKnownFileType = sourcecode.swift; path = TipCalculator.swift; sourceTree = "<group>"; };
		04B9DB6629B9FB0D00D0B157 /* ContentViewPage.swift */ = {isa = PBXFileReference; lastKnownFileType = sourcecode.swift; path = ContentViewPage.swift; sourceTree = "<group>"; };
/* End PBXFileReference section */

/* Begin PBXFrameworksBuildPhase section */
		04B9DB3229B9E88A00D0B157 /* Frameworks */ = {
			isa = PBXFrameworksBuildPhase;
			buildActionMask = 2147483647;
			files = (
			);
			runOnlyForDeploymentPostprocessing = 0;
		};
		04B9DB4229B9E88D00D0B157 /* Frameworks */ = {
			isa = PBXFrameworksBuildPhase;
			buildActionMask = 2147483647;
			files = (
			);
			runOnlyForDeploymentPostprocessing = 0;
		};
		04B9DB4C29B9E88D00D0B157 /* Frameworks */ = {
			isa = PBXFrameworksBuildPhase;
			buildActionMask = 2147483647;
			files = (
			);
			runOnlyForDeploymentPostprocessing = 0;
		};
/* End PBXFrameworksBuildPhase section */

/* Begin PBXGroup section */
		04B9DB2C29B9E88900D0B157 = {
			isa = PBXGroup;
			children = (
				04B9DB3729B9E88A00D0B157 /* TDD-example */,
				04B9DB4829B9E88D00D0B157 /* TDD-exampleTests */,
				04B9DB5229B9E88D00D0B157 /* TDD-exampleUITests */,
				04B9DB3629B9E88A00D0B157 /* Products */,
			);
			sourceTree = "<group>";
		};
		04B9DB3629B9E88A00D0B157 /* Products */ = {
			isa = PBXGroup;
			children = (
				04B9DB3529B9E88A00D0B157 /* TDD-example.app */,
				04B9DB4529B9E88D00D0B157 /* TDD-exampleTests.xctest */,
				04B9DB4F29B9E88D00D0B157 /* TDD-exampleUITests.xctest */,
			);
			name = Products;
			sourceTree = "<group>";
		};
		04B9DB3729B9E88A00D0B157 /* TDD-example */ = {
			isa = PBXGroup;
			children = (
				04B9DB3829B9E88A00D0B157 /* TDD_exampleApp.swift */,
				04B9DB3A29B9E88A00D0B157 /* ContentView.swift */,
				04B9DB6229B9EC1E00D0B157 /* TipCalculator.swift */,
				04B9DB3C29B9E88C00D0B157 /* Assets.xcassets */,
				04B9DB3E29B9E88C00D0B157 /* Preview Content */,
			);
			path = "TDD-example";
			sourceTree = "<group>";
		};
		04B9DB3E29B9E88C00D0B157 /* Preview Content */ = {
			isa = PBXGroup;
			children = (
				04B9DB3F29B9E88C00D0B157 /* Preview Assets.xcassets */,
			);
			path = "Preview Content";
			sourceTree = "<group>";
		};
		04B9DB4829B9E88D00D0B157 /* TDD-exampleTests */ = {
			isa = PBXGroup;
			children = (
				04B9DB4929B9E88D00D0B157 /* TDD_UnitTests.swift */,
			);
			path = "TDD-exampleTests";
			sourceTree = "<group>";
		};
		04B9DB5229B9E88D00D0B157 /* TDD-exampleUITests */ = {
			isa = PBXGroup;
			children = (
				04B9DB6529B9FAE800D0B157 /* page Objects */,
				04B9DB5329B9E88D00D0B157 /* TDD_exampleUITests.swift */,
				04B9DB5529B9E88D00D0B157 /* TDD_exampleUITestsLaunchTests.swift */,
			);
			path = "TDD-exampleUITests";
			sourceTree = "<group>";
		};
		04B9DB6529B9FAE800D0B157 /* page Objects */ = {
			isa = PBXGroup;
			children = (
				04B9DB6629B9FB0D00D0B157 /* ContentViewPage.swift */,
			);
			path = "page Objects";
			sourceTree = "<group>";
		};
/* End PBXGroup section */

/* Begin PBXNativeTarget section */
		04B9DB3429B9E88A00D0B157 /* TDD-example */ = {
			isa = PBXNativeTarget;
			buildConfigurationList = 04B9DB5929B9E88D00D0B157 /* Build configuration list for PBXNativeTarget "TDD-example" */;
			buildPhases = (
				04B9DB3129B9E88A00D0B157 /* Sources */,
				04B9DB3229B9E88A00D0B157 /* Frameworks */,
				04B9DB3329B9E88A00D0B157 /* Resources */,
			);
			buildRules = (
			);
			dependencies = (
			);
			name = "TDD-example";
			productName = "TDD-example";
			productReference = 04B9DB3529B9E88A00D0B157 /* TDD-example.app */;
			productType = "com.apple.product-type.application";
		};
		04B9DB4429B9E88D00D0B157 /* TDD-exampleTests */ = {
			isa = PBXNativeTarget;
			buildConfigurationList = 04B9DB5C29B9E88D00D0B157 /* Build configuration list for PBXNativeTarget "TDD-exampleTests" */;
			buildPhases = (
				04B9DB4129B9E88D00D0B157 /* Sources */,
				04B9DB4229B9E88D00D0B157 /* Frameworks */,
				04B9DB4329B9E88D00D0B157 /* Resources */,
			);
			buildRules = (
			);
			dependencies = (
				04B9DB4729B9E88D00D0B157 /* PBXTargetDependency */,
			);
			name = "TDD-exampleTests";
			productName = "TDD-exampleTests";
			productReference = 04B9DB4529B9E88D00D0B157 /* TDD-exampleTests.xctest */;
			productType = "com.apple.product-type.bundle.unit-test";
		};
		04B9DB4E29B9E88D00D0B157 /* TDD-exampleUITests */ = {
			isa = PBXNativeTarget;
			buildConfigurationList = 04B9DB5F29B9E88D00D0B157 /* Build configuration list for PBXNativeTarget "TDD-exampleUITests" */;
			buildPhases = (
				04B9DB4B29B9E88D00D0B157 /* Sources */,
				04B9DB4C29B9E88D00D0B157 /* Frameworks */,
				04B9DB4D29B9E88D00D0B157 /* Resources */,
			);
			buildRules = (
			);
			dependencies = (
				04B9DB5129B9E88D00D0B157 /* PBXTargetDependency */,
			);
			name = "TDD-exampleUITests";
			productName = "TDD-exampleUITests";
			productReference = 04B9DB4F29B9E88D00D0B157 /* TDD-exampleUITests.xctest */;
			productType = "com.apple.product-type.bundle.ui-testing";
		};
/* End PBXNativeTarget section */

/* Begin PBXProject section */
		04B9DB2D29B9E88900D0B157 /* Project object */ = {
			isa = PBXProject;
			attributes = {
				BuildIndependentTargetsInParallel = 1;
				LastSwiftUpdateCheck = 1410;
				LastUpgradeCheck = 1410;
				TargetAttributes = {
					04B9DB3429B9E88A00D0B157 = {
						CreatedOnToolsVersion = 14.1;
					};
					04B9DB4429B9E88D00D0B157 = {
						CreatedOnToolsVersion = 14.1;
						TestTargetID = 04B9DB3429B9E88A00D0B157;
					};
					04B9DB4E29B9E88D00D0B157 = {
						CreatedOnToolsVersion = 14.1;
						TestTargetID = 04B9DB3429B9E88A00D0B157;
					};
				};
			};
			buildConfigurationList = 04B9DB3029B9E88900D0B157 /* Build configuration list for PBXProject "TDD-example" */;
			compatibilityVersion = "Xcode 14.0";
			developmentRegion = en;
			hasScannedForEncodings = 0;
			knownRegions = (
				en,
				Base,
			);
			mainGroup = 04B9DB2C29B9E88900D0B157;
			productRefGroup = 04B9DB3629B9E88A00D0B157 /* Products */;
			projectDirPath = "";
			projectRoot = "";
			targets = (
				04B9DB3429B9E88A00D0B157 /* TDD-example */,
				04B9DB4429B9E88D00D0B157 /* TDD-exampleTests */,
				04B9DB4E29B9E88D00D0B157 /* TDD-exampleUITests */,
			);
		};
/* End PBXProject section */

/* Begin PBXResourcesBuildPhase section */
		04B9DB3329B9E88A00D0B157 /* Resources */ = {
			isa = PBXResourcesBuildPhase;
			buildActionMask = 2147483647;
			files = (
				04B9DB4029B9E88C00D0B157 /* Preview Assets.xcassets in Resources */,
				04B9DB3D29B9E88C00D0B157 /* Assets.xcassets in Resources */,
			);
			runOnlyForDeploymentPostprocessing = 0;
		};
		04B9DB4329B9E88D00D0B157 /* Resources */ = {
			isa = PBXResourcesBuildPhase;
			buildActionMask = 2147483647;
			files = (
			);
			runOnlyForDeploymentPostprocessing = 0;
		};
		04B9DB4D29B9E88D00D0B157 /* Resources */ = {
			isa = PBXResourcesBuildPhase;
			buildActionMask = 2147483647;
			files = (
			);
			runOnlyForDeploymentPostprocessing = 0;
		};
/* End PBXResourcesBuildPhase section */

/* Begin PBXSourcesBuildPhase section */
		04B9DB3129B9E88A00D0B157 /* Sources */ = {
			isa = PBXSourcesBuildPhase;
			buildActionMask = 2147483647;
			files = (
				04B9DB6329B9EC1E00D0B157 /* TipCalculator.swift in Sources */,
				04B9DB3B29B9E88A00D0B157 /* ContentView.swift in Sources */,
				04B9DB3929B9E88A00D0B157 /* TDD_exampleApp.swift in Sources */,
			);
			runOnlyForDeploymentPostprocessing = 0;
		};
		04B9DB4129B9E88D00D0B157 /* Sources */ = {
			isa = PBXSourcesBuildPhase;
			buildActionMask = 2147483647;
			files = (
				04B9DB4A29B9E88D00D0B157 /* TDD_UnitTests.swift in Sources */,
				04B9DB6429B9EF9D00D0B157 /* TipCalculator.swift in Sources */,
			);
			runOnlyForDeploymentPostprocessing = 0;
		};
		04B9DB4B29B9E88D00D0B157 /* Sources */ = {
			isa = PBXSourcesBuildPhase;
			buildActionMask = 2147483647;
			files = (
				04B9DB6729B9FB0D00D0B157 /* ContentViewPage.swift in Sources */,
				04B9DB5629B9E88D00D0B157 /* TDD_exampleUITestsLaunchTests.swift in Sources */,
				04B9DB5429B9E88D00D0B157 /* TDD_exampleUITests.swift in Sources */,
			);
			runOnlyForDeploymentPostprocessing = 0;
		};
/* End PBXSourcesBuildPhase section */

/* Begin PBXTargetDependency section */
		04B9DB4729B9E88D00D0B157 /* PBXTargetDependency */ = {
			isa = PBXTargetDependency;
			target = 04B9DB3429B9E88A00D0B157 /* TDD-example */;
			targetProxy = 04B9DB4629B9E88D00D0B157 /* PBXContainerItemProxy */;
		};
		04B9DB5129B9E88D00D0B157 /* PBXTargetDependency */ = {
			isa = PBXTargetDependency;
			target = 04B9DB3429B9E88A00D0B157 /* TDD-example */;
			targetProxy = 04B9DB5029B9E88D00D0B157 /* PBXContainerItemProxy */;
		};
/* End PBXTargetDependency section */

/* Begin XCBuildConfiguration section */
		04B9DB5729B9E88D00D0B157 /* Debug */ = {
			isa = XCBuildConfiguration;
			buildSettings = {
				ALWAYS_SEARCH_USER_PATHS = NO;
				CLANG_ANALYZER_NONNULL = YES;
				CLANG_ANALYZER_NUMBER_OBJECT_CONVERSION = YES_AGGRESSIVE;
				CLANG_CXX_LANGUAGE_STANDARD = "gnu++20";
				CLANG_ENABLE_MODULES = YES;
				CLANG_ENABLE_OBJC_ARC = YES;
				CLANG_ENABLE_OBJC_WEAK = YES;
				CLANG_WARN_BLOCK_CAPTURE_AUTORELEASING = YES;
				CLANG_WARN_BOOL_CONVERSION = YES;
				CLANG_WARN_COMMA = YES;
				CLANG_WARN_CONSTANT_CONVERSION = YES;
				CLANG_WARN_DEPRECATED_OBJC_IMPLEMENTATIONS = YES;
				CLANG_WARN_DIRECT_OBJC_ISA_USAGE = YES_ERROR;
				CLANG_WARN_DOCUMENTATION_COMMENTS = YES;
				CLANG_WARN_EMPTY_BODY = YES;
				CLANG_WARN_ENUM_CONVERSION = YES;
				CLANG_WARN_INFINITE_RECURSION = YES;
				CLANG_WARN_INT_CONVERSION = YES;
				CLANG_WARN_NON_LITERAL_NULL_CONVERSION = YES;
				CLANG_WARN_OBJC_IMPLICIT_RETAIN_SELF = YES;
				CLANG_WARN_OBJC_LITERAL_CONVERSION = YES;
				CLANG_WARN_OBJC_ROOT_CLASS = YES_ERROR;
				CLANG_WARN_QUOTED_INCLUDE_IN_FRAMEWORK_HEADER = YES;
				CLANG_WARN_RANGE_LOOP_ANALYSIS = YES;
				CLANG_WARN_STRICT_PROTOTYPES = YES;
				CLANG_WARN_SUSPICIOUS_MOVE = YES;
				CLANG_WARN_UNGUARDED_AVAILABILITY = YES_AGGRESSIVE;
				CLANG_WARN_UNREACHABLE_CODE = YES;
				CLANG_WARN__DUPLICATE_METHOD_MATCH = YES;
				COPY_PHASE_STRIP = NO;
				DEBUG_INFORMATION_FORMAT = dwarf;
				ENABLE_STRICT_OBJC_MSGSEND = YES;
				ENABLE_TESTABILITY = YES;
				GCC_C_LANGUAGE_STANDARD = gnu11;
				GCC_DYNAMIC_NO_PIC = NO;
				GCC_NO_COMMON_BLOCKS = YES;
				GCC_OPTIMIZATION_LEVEL = 0;
				GCC_PREPROCESSOR_DEFINITIONS = (
					"DEBUG=1",
					"$(inherited)",
				);
				GCC_WARN_64_TO_32_BIT_CONVERSION = YES;
				GCC_WARN_ABOUT_RETURN_TYPE = YES_ERROR;
				GCC_WARN_UNDECLARED_SELECTOR = YES;
				GCC_WARN_UNINITIALIZED_AUTOS = YES_AGGRESSIVE;
				GCC_WARN_UNUSED_FUNCTION = YES;
				GCC_WARN_UNUSED_VARIABLE = YES;
				IPHONEOS_DEPLOYMENT_TARGET = 16.1;
				MTL_ENABLE_DEBUG_INFO = INCLUDE_SOURCE;
				MTL_FAST_MATH = YES;
				ONLY_ACTIVE_ARCH = YES;
				SDKROOT = iphoneos;
				SWIFT_ACTIVE_COMPILATION_CONDITIONS = DEBUG;
				SWIFT_OPTIMIZATION_LEVEL = "-Onone";
			};
			name = Debug;
		};
		04B9DB5829B9E88D00D0B157 /* Release */ = {
			isa = XCBuildConfiguration;
			buildSettings = {
				ALWAYS_SEARCH_USER_PATHS = NO;
				CLANG_ANALYZER_NONNULL = YES;
				CLANG_ANALYZER_NUMBER_OBJECT_CONVERSION = YES_AGGRESSIVE;
				CLANG_CXX_LANGUAGE_STANDARD = "gnu++20";
				CLANG_ENABLE_MODULES = YES;
				CLANG_ENABLE_OBJC_ARC = YES;
				CLANG_ENABLE_OBJC_WEAK = YES;
				CLANG_WARN_BLOCK_CAPTURE_AUTORELEASING = YES;
				CLANG_WARN_BOOL_CONVERSION = YES;
				CLANG_WARN_COMMA = YES;
				CLANG_WARN_CONSTANT_CONVERSION = YES;
				CLANG_WARN_DEPRECATED_OBJC_IMPLEMENTATIONS = YES;
				CLANG_WARN_DIRECT_OBJC_ISA_USAGE = YES_ERROR;
				CLANG_WARN_DOCUMENTATION_COMMENTS = YES;
				CLANG_WARN_EMPTY_BODY = YES;
				CLANG_WARN_ENUM_CONVERSION = YES;
				CLANG_WARN_INFINITE_RECURSION = YES;
				CLANG_WARN_INT_CONVERSION = YES;
				CLANG_WARN_NON_LITERAL_NULL_CONVERSION = YES;
				CLANG_WARN_OBJC_IMPLICIT_RETAIN_SELF = YES;
				CLANG_WARN_OBJC_LITERAL_CONVERSION = YES;
				CLANG_WARN_OBJC_ROOT_CLASS = YES_ERROR;
				CLANG_WARN_QUOTED_INCLUDE_IN_FRAMEWORK_HEADER = YES;
				CLANG_WARN_RANGE_LOOP_ANALYSIS = YES;
				CLANG_WARN_STRICT_PROTOTYPES = YES;
				CLANG_WARN_SUSPICIOUS_MOVE = YES;
				CLANG_WARN_UNGUARDED_AVAILABILITY = YES_AGGRESSIVE;
				CLANG_WARN_UNREACHABLE_CODE = YES;
				CLANG_WARN__DUPLICATE_METHOD_MATCH = YES;
				COPY_PHASE_STRIP = NO;
				DEBUG_INFORMATION_FORMAT = "dwarf-with-dsym";
				ENABLE_NS_ASSERTIONS = NO;
				ENABLE_STRICT_OBJC_MSGSEND = YES;
				GCC_C_LANGUAGE_STANDARD = gnu11;
				GCC_NO_COMMON_BLOCKS = YES;
				GCC_WARN_64_TO_32_BIT_CONVERSION = YES;
				GCC_WARN_ABOUT_RETURN_TYPE = YES_ERROR;
				GCC_WARN_UNDECLARED_SELECTOR = YES;
				GCC_WARN_UNINITIALIZED_AUTOS = YES_AGGRESSIVE;
				GCC_WARN_UNUSED_FUNCTION = YES;
				GCC_WARN_UNUSED_VARIABLE = YES;
				IPHONEOS_DEPLOYMENT_TARGET = 16.1;
				MTL_ENABLE_DEBUG_INFO = NO;
				MTL_FAST_MATH = YES;
				SDKROOT = iphoneos;
				SWIFT_COMPILATION_MODE = wholemodule;
				SWIFT_OPTIMIZATION_LEVEL = "-O";
				VALIDATE_PRODUCT = YES;
			};
			name = Release;
		};
		04B9DB5A29B9E88D00D0B157 /* Debug */ = {
			isa = XCBuildConfiguration;
			buildSettings = {
				ASSETCATALOG_COMPILER_APPICON_NAME = AppIcon;
				ASSETCATALOG_COMPILER_GLOBAL_ACCENT_COLOR_NAME = AccentColor;
				CODE_SIGN_STYLE = Automatic;
				CURRENT_PROJECT_VERSION = 1;
				DEVELOPMENT_ASSET_PATHS = "\"TDD-example/Preview Content\"";
				DEVELOPMENT_TEAM = 4S9KHKZW78;
				ENABLE_PREVIEWS = YES;
				GENERATE_INFOPLIST_FILE = YES;
				INFOPLIST_KEY_UIApplicationSceneManifest_Generation = YES;
				INFOPLIST_KEY_UIApplicationSupportsIndirectInputEvents = YES;
				INFOPLIST_KEY_UILaunchScreen_Generation = YES;
				INFOPLIST_KEY_UISupportedInterfaceOrientations_iPad = "UIInterfaceOrientationPortrait UIInterfaceOrientationPortraitUpsideDown UIInterfaceOrientationLandscapeLeft UIInterfaceOrientationLandscapeRight";
				INFOPLIST_KEY_UISupportedInterfaceOrientations_iPhone = "UIInterfaceOrientationPortrait UIInterfaceOrientationLandscapeLeft UIInterfaceOrientationLandscapeRight";
				LD_RUNPATH_SEARCH_PATHS = (
					"$(inherited)",
					"@executable_path/Frameworks",
				);
				MARKETING_VERSION = 1.0;
				PRODUCT_BUNDLE_IDENTIFIER = "www.harbineldjazair.com.TDD-example";
				PRODUCT_NAME = "$(TARGET_NAME)";
				SWIFT_EMIT_LOC_STRINGS = YES;
				SWIFT_VERSION = 5.0;
				TARGETED_DEVICE_FAMILY = "1,2";
			};
			name = Debug;
		};
		04B9DB5B29B9E88D00D0B157 /* Release */ = {
			isa = XCBuildConfiguration;
			buildSettings = {
				ASSETCATALOG_COMPILER_APPICON_NAME = AppIcon;
				ASSETCATALOG_COMPILER_GLOBAL_ACCENT_COLOR_NAME = AccentColor;
				CODE_SIGN_STYLE = Automatic;
				CURRENT_PROJECT_VERSION = 1;
				DEVELOPMENT_ASSET_PATHS = "\"TDD-example/Preview Content\"";
				DEVELOPMENT_TEAM = 4S9KHKZW78;
				ENABLE_PREVIEWS = YES;
				GENERATE_INFOPLIST_FILE = YES;
				INFOPLIST_KEY_UIApplicationSceneManifest_Generation = YES;
				INFOPLIST_KEY_UIApplicationSupportsIndirectInputEvents = YES;
				INFOPLIST_KEY_UILaunchScreen_Generation = YES;
				INFOPLIST_KEY_UISupportedInterfaceOrientations_iPad = "UIInterfaceOrientationPortrait UIInterfaceOrientationPortraitUpsideDown UIInterfaceOrientationLandscapeLeft UIInterfaceOrientationLandscapeRight";
				INFOPLIST_KEY_UISupportedInterfaceOrientations_iPhone = "UIInterfaceOrientationPortrait UIInterfaceOrientationLandscapeLeft UIInterfaceOrientationLandscapeRight";
				LD_RUNPATH_SEARCH_PATHS = (
					"$(inherited)",
					"@executable_path/Frameworks",
				);
				MARKETING_VERSION = 1.0;
				PRODUCT_BUNDLE_IDENTIFIER = "www.harbineldjazair.com.TDD-example";
				PRODUCT_NAME = "$(TARGET_NAME)";
				SWIFT_EMIT_LOC_STRINGS = YES;
				SWIFT_VERSION = 5.0;
				TARGETED_DEVICE_FAMILY = "1,2";
			};
			name = Release;
		};
		04B9DB5D29B9E88D00D0B157 /* Debug */ = {
			isa = XCBuildConfiguration;
			buildSettings = {
				ALWAYS_EMBED_SWIFT_STANDARD_LIBRARIES = YES;
				BUNDLE_LOADER = "$(TEST_HOST)";
				CODE_SIGN_STYLE = Automatic;
				CURRENT_PROJECT_VERSION = 1;
				DEVELOPMENT_TEAM = 4S9KHKZW78;
				GENERATE_INFOPLIST_FILE = YES;
				IPHONEOS_DEPLOYMENT_TARGET = 16.1;
				MARKETING_VERSION = 1.0;
				PRODUCT_BUNDLE_IDENTIFIER = "www.harbineldjazair.com.TDD-exampleTests";
				PRODUCT_NAME = "$(TARGET_NAME)";
				SWIFT_EMIT_LOC_STRINGS = NO;
				SWIFT_VERSION = 5.0;
				TARGETED_DEVICE_FAMILY = "1,2";
				TEST_HOST = "$(BUILT_PRODUCTS_DIR)/TDD-example.app/$(BUNDLE_EXECUTABLE_FOLDER_PATH)/TDD-example";
			};
			name = Debug;
		};
		04B9DB5E29B9E88D00D0B157 /* Release */ = {
			isa = XCBuildConfiguration;
			buildSettings = {
				ALWAYS_EMBED_SWIFT_STANDARD_LIBRARIES = YES;
				BUNDLE_LOADER = "$(TEST_HOST)";
				CODE_SIGN_STYLE = Automatic;
				CURRENT_PROJECT_VERSION = 1;
				DEVELOPMENT_TEAM = 4S9KHKZW78;
				GENERATE_INFOPLIST_FILE = YES;
				IPHONEOS_DEPLOYMENT_TARGET = 16.1;
				MARKETING_VERSION = 1.0;
				PRODUCT_BUNDLE_IDENTIFIER = "www.harbineldjazair.com.TDD-exampleTests";
				PRODUCT_NAME = "$(TARGET_NAME)";
				SWIFT_EMIT_LOC_STRINGS = NO;
				SWIFT_VERSION = 5.0;
				TARGETED_DEVICE_FAMILY = "1,2";
				TEST_HOST = "$(BUILT_PRODUCTS_DIR)/TDD-example.app/$(BUNDLE_EXECUTABLE_FOLDER_PATH)/TDD-example";
			};
			name = Release;
		};
		04B9DB6029B9E88D00D0B157 /* Debug */ = {
			isa = XCBuildConfiguration;
			buildSettings = {
				ALWAYS_EMBED_SWIFT_STANDARD_LIBRARIES = YES;
				CODE_SIGN_STYLE = Automatic;
				CURRENT_PROJECT_VERSION = 1;
				DEVELOPMENT_TEAM = 4S9KHKZW78;
				GENERATE_INFOPLIST_FILE = YES;
				MARKETING_VERSION = 1.0;
				PRODUCT_BUNDLE_IDENTIFIER = "www.harbineldjazair.com.TDD-exampleUITests";
				PRODUCT_NAME = "$(TARGET_NAME)";
				SWIFT_EMIT_LOC_STRINGS = NO;
				SWIFT_VERSION = 5.0;
				TARGETED_DEVICE_FAMILY = "1,2";
				TEST_TARGET_NAME = "TDD-example";
			};
			name = Debug;
		};
		04B9DB6129B9E88D00D0B157 /* Release */ = {
			isa = XCBuildConfiguration;
			buildSettings = {
				ALWAYS_EMBED_SWIFT_STANDARD_LIBRARIES = YES;
				CODE_SIGN_STYLE = Automatic;
				CURRENT_PROJECT_VERSION = 1;
				DEVELOPMENT_TEAM = 4S9KHKZW78;
				GENERATE_INFOPLIST_FILE = YES;
				MARKETING_VERSION = 1.0;
				PRODUCT_BUNDLE_IDENTIFIER = "www.harbineldjazair.com.TDD-exampleUITests";
				PRODUCT_NAME = "$(TARGET_NAME)";
				SWIFT_EMIT_LOC_STRINGS = NO;
				SWIFT_VERSION = 5.0;
				TARGETED_DEVICE_FAMILY = "1,2";
				TEST_TARGET_NAME = "TDD-example";
			};
			name = Release;
		};
/* End XCBuildConfiguration section */

/* Begin XCConfigurationList section */
		04B9DB3029B9E88900D0B157 /* Build configuration list for PBXProject "TDD-example" */ = {
			isa = XCConfigurationList;
			buildConfigurations = (
				04B9DB5729B9E88D00D0B157 /* Debug */,
				04B9DB5829B9E88D00D0B157 /* Release */,
			);
			defaultConfigurationIsVisible = 0;
			defaultConfigurationName = Release;
		};
		04B9DB5929B9E88D00D0B157 /* Build configuration list for PBXNativeTarget "TDD-example" */ = {
			isa = XCConfigurationList;
			buildConfigurations = (
				04B9DB5A29B9E88D00D0B157 /* Debug */,
				04B9DB5B29B9E88D00D0B157 /* Release */,
			);
			defaultConfigurationIsVisible = 0;
			defaultConfigurationName = Release;
		};
		04B9DB5C29B9E88D00D0B157 /* Build configuration list for PBXNativeTarget "TDD-exampleTests" */ = {
			isa = XCConfigurationList;
			buildConfigurations = (
				04B9DB5D29B9E88D00D0B157 /* Debug */,
				04B9DB5E29B9E88D00D0B157 /* Release */,
			);
			defaultConfigurationIsVisible = 0;
			defaultConfigurationName = Release;
		};
		04B9DB5F29B9E88D00D0B157 /* Build configuration list for PBXNativeTarget "TDD-exampleUITests" */ = {
			isa = XCConfigurationList;
			buildConfigurations = (
				04B9DB6029B9E88D00D0B157 /* Debug */,
				04B9DB6129B9E88D00D0B157 /* Release */,
			);
			defaultConfigurationIsVisible = 0;
			defaultConfigurationName = Release;
		};
/* End XCConfigurationList section */
	};
	rootObject = 04B9DB2D29B9E88900D0B157 /* Project object */;
}
